
Microsoft Visual Studio Solution File, Format Version 12.00
# Visual Studio 2013
VisualStudioVersion = 12.0.21005.1
MinimumVisualStudioVersion = 10.0.40219.1
Project("{2150E333-8FDC-42A3-9474-1A3956D46DE8}") = "Libraries", "Libraries", "{28798880-540D-4FC9-B1F9-DA78C7256C22}"
EndProject
Project("{2150E333-8FDC-42A3-9474-1A3956D46DE8}") = "Presentation", "Presentation", "{9438D97E-E72F-4BDF-8007-D50A218A11C5}"
EndProject
Project("{2150E333-8FDC-42A3-9474-1A3956D46DE8}") = "Tests", "Tests", "{634AEA74-BE43-48B4-B661-8154C1F99EDB}"
EndProject
Project("{FAE04EC0-301F-11D3-BF4B-00C04F79EFBC}") = "ConstructEComm.Core", "ConstructEComm.Core\ConstructEComm.Core.csproj", "{79F82078-CD24-4379-AD4C-281DA8A2AB2A}"
EndProject
Project("{FAE04EC0-301F-11D3-BF4B-00C04F79EFBC}") = "ConstructEComm.Data", "ConstructEComm.Data\ConstructEComm.Data.csproj", "{3D9B639F-B1C2-4B3A-B0B3-3AD894061694}"
EndProject
Project("{FAE04EC0-301F-11D3-BF4B-00C04F79EFBC}") = "ConstructEComm.Console", "ConstructEComm.Console\ConstructEComm.Console.csproj", "{7B125CAD-30FF-4027-A71C-3643AFB1579A}"
EndProject
Project("{FAE04EC0-301F-11D3-BF4B-00C04F79EFBC}") = "ConstructEComm.Web", "ConstructEComm.Web\ConstructEComm.Web.csproj", "{F4098CD5-9282-4B3F-B2A1-72642987B920}"
EndProject
Global
	GlobalSection(SolutionConfigurationPlatforms) = preSolution
		Debug|Any CPU = Debug|Any CPU
		Release|Any CPU = Release|Any CPU
	EndGlobalSection
	GlobalSection(ProjectConfigurationPlatforms) = postSolution
		{79F82078-CD24-4379-AD4C-281DA8A2AB2A}.Debug|Any CPU.ActiveCfg = Debug|Any CPU
		{79F82078-CD24-4379-AD4C-281DA8A2AB2A}.Debug|Any CPU.Build.0 = Debug|Any CPU
		{79F82078-CD24-4379-AD4C-281DA8A2AB2A}.Release|Any CPU.ActiveCfg = Release|Any CPU
		{79F82078-CD24-4379-AD4C-281DA8A2AB2A}.Release|Any CPU.Build.0 = Release|Any CPU
		{3D9B639F-B1C2-4B3A-B0B3-3AD894061694}.Debug|Any CPU.ActiveCfg = Debug|Any CPU
		{3D9B639F-B1C2-4B3A-B0B3-3AD894061694}.Debug|Any CPU.Build.0 = Debug|Any CPU
		{3D9B639F-B1C2-4B3A-B0B3-3AD894061694}.Release|Any CPU.ActiveCfg = Release|Any CPU
		{3D9B639F-B1C2-4B3A-B0B3-3AD894061694}.Release|Any CPU.Build.0 = Release|Any CPU
		{7B125CAD-30FF-4027-A71C-3643AFB1579A}.Debug|Any CPU.ActiveCfg = Debug|Any CPU
		{7B125CAD-30FF-4027-A71C-3643AFB1579A}.Debug|Any CPU.Build.0 = Debug|Any CPU
		{7B125CAD-30FF-4027-A71C-3643AFB1579A}.Release|Any CPU.ActiveCfg = Release|Any CPU
		{7B125CAD-30FF-4027-A71C-3643AFB1579A}.Release|Any CPU.Build.0 = Release|Any CPU
		{F4098CD5-9282-4B3F-B2A1-72642987B920}.Debug|Any CPU.ActiveCfg = Debug|Any CPU
		{F4098CD5-9282-4B3F-B2A1-72642987B920}.Debug|Any CPU.Build.0 = Debug|Any CPU
		{F4098CD5-9282-4B3F-B2A1-72642987B920}.Release|Any CPU.ActiveCfg = Release|Any CPU
		{F4098CD5-9282-4B3F-B2A1-72642987B920}.Release|Any CPU.Build.0 = Release|Any CPU
	EndGlobalSection
	GlobalSection(SolutionProperties) = preSolution
		HideSolutionNode = FALSE
	EndGlobalSection
	GlobalSection(NestedProjects) = preSolution
		{79F82078-CD24-4379-AD4C-281DA8A2AB2A} = {28798880-540D-4FC9-B1F9-DA78C7256C22}
		{3D9B639F-B1C2-4B3A-B0B3-3AD894061694} = {28798880-540D-4FC9-B1F9-DA78C7256C22}
		{7B125CAD-30FF-4027-A71C-3643AFB1579A} = {9438D97E-E72F-4BDF-8007-D50A218A11C5}
		{F4098CD5-9282-4B3F-B2A1-72642987B920} = {9438D97E-E72F-4BDF-8007-D50A218A11C5}
	EndGlobalSection
EndGlobal
